
Microsoft Visual Studio Solution File, Format Version 12.00
# Visual Studio Version 16
VisualStudioVersion = 16.0.30114.105
MinimumVisualStudioVersion = 10.0.40219.1
Project("{FAE04EC0-301F-11D3-BF4B-00C04F79EFBC}") = "O2.Services.Invoices", "O2.Services.Invoices.csproj", "{333BC142-1373-4B4E-A21F-524478BB2336}"
EndProject
Global
	GlobalSection(SolutionConfigurationPlatforms) = preSolution
		Debug|Any CPU = Debug|Any CPU
		Release|Any CPU = Release|Any CPU
	EndGlobalSection
	GlobalSection(ProjectConfigurationPlatforms) = postSolution
		{333BC142-1373-4B4E-A21F-524478BB2336}.Debug|Any CPU.ActiveCfg = Debug|Any CPU
		{333BC142-1373-4B4E-A21F-524478BB2336}.Debug|Any CPU.Build.0 = Debug|Any CPU
		{333BC142-1373-4B4E-A21F-524478BB2336}.Release|Any CPU.ActiveCfg = Release|Any CPU
		{333BC142-1373-4B4E-A21F-524478BB2336}.Release|Any CPU.Build.0 = Release|Any CPU
	EndGlobalSection
	GlobalSection(SolutionProperties) = preSolution
		HideSolutionNode = FALSE
	EndGlobalSection
	GlobalSection(ExtensibilityGlobals) = postSolution
		SolutionGuid = {3F7A1134-167F-4D7B-9FC8-82C868110F22}
	EndGlobalSection
EndGlobal
